
Microsoft Visual Studio Solution File, Format Version 12.00
# Visual Studio 15
VisualStudioVersion = 15.0.28307.136
MinimumVisualStudioVersion = 10.0.40219.1
Project("{FAE04EC0-301F-11D3-BF4B-00C04F79EFBC}") = "Image2Icon", "Image2Icon\Image2Icon.csproj", "{58435944-B76E-4713-A7A1-BDD1C25DF46E}"
EndProject
Global
	GlobalSection(SolutionConfigurationPlatforms) = preSolution
		Debug|Any CPU = Debug|Any CPU
		Release|Any CPU = Release|Any CPU
	EndGlobalSection
	GlobalSection(ProjectConfigurationPlatforms) = postSolution
		{58435944-B76E-4713-A7A1-BDD1C25DF46E}.Debug|Any CPU.ActiveCfg = Debug|Any CPU
		{58435944-B76E-4713-A7A1-BDD1C25DF46E}.Debug|Any CPU.Build.0 = Debug|Any CPU
		{58435944-B76E-4713-A7A1-BDD1C25DF46E}.Release|Any CPU.ActiveCfg = Release|Any CPU
		{58435944-B76E-4713-A7A1-BDD1C25DF46E}.Release|Any CPU.Build.0 = Release|Any CPU
	EndGlobalSection
	GlobalSection(SolutionProperties) = preSolution
		HideSolutionNode = FALSE
	EndGlobalSection
	GlobalSection(ExtensibilityGlobals) = postSolution
		SolutionGuid = {2D081A89-0D44-4EB1-BA14-202D405571C9}
	EndGlobalSection
EndGlobal
